// !$*UTF8*$!
{
	archiveVersion = 1;
	classes = {
	};
	objectVersion = 46;
	objects = {

/* Begin PBXBuildFile section */
		A4807C74138B7818000B91B5 /* UIKit.framework in Frameworks */ = {isa = PBXBuildFile; fileRef = A4807C73138B7818000B91B5 /* UIKit.framework */; };
		A4807C76138B7818000B91B5 /* Foundation.framework in Frameworks */ = {isa = PBXBuildFile; fileRef = A4807C75138B7818000B91B5 /* Foundation.framework */; };
		A4807C78138B7818000B91B5 /* CoreGraphics.framework in Frameworks */ = {isa = PBXBuildFile; fileRef = A4807C77138B7818000B91B5 /* CoreGraphics.framework */; };
		A4807C7E138B7819000B91B5 /* InfoPlist.strings in Resources */ = {isa = PBXBuildFile; fileRef = A4807C7C138B7819000B91B5 /* InfoPlist.strings */; };
		A4807C81138B7819000B91B5 /* main.m in Sources */ = {isa = PBXBuildFile; fileRef = A4807C80138B7819000B91B5 /* main.m */; };
		A4807C84138B7819000B91B5 /* Express_DataAppDelegate.m in Sources */ = {isa = PBXBuildFile; fileRef = A4807C83138B7819000B91B5 /* Express_DataAppDelegate.m */; };
		A4807C87138B7819000B91B5 /* MainWindow.xib in Resources */ = {isa = PBXBuildFile; fileRef = A4807C85138B7819000B91B5 /* MainWindow.xib */; };
		A4807C8A138B7819000B91B5 /* RootViewController.m in Sources */ = {isa = PBXBuildFile; fileRef = A4807C89138B7819000B91B5 /* RootViewController.m */; };
		A4807C8D138B7819000B91B5 /* RootViewController.xib in Resources */ = {isa = PBXBuildFile; fileRef = A4807C8B138B7819000B91B5 /* RootViewController.xib */; };
		A4807C96138B7903000B91B5 /* background1.png in Resources */ = {isa = PBXBuildFile; fileRef = A4807C94138B7903000B91B5 /* background1.png */; };
		A4807C97138B7903000B91B5 /* Default.png in Resources */ = {isa = PBXBuildFile; fileRef = A4807C95138B7903000B91B5 /* Default.png */; };
		A4AE78DB138C92430044C792 /* mainMenuItem.plist in Resources */ = {isa = PBXBuildFile; fileRef = A4AE78DA138C92430044C792 /* mainMenuItem.plist */; };
		A4AE78E0138C983E0044C792 /* AboutUsViewController.m in Sources */ = {isa = PBXBuildFile; fileRef = A4AE78DE138C983E0044C792 /* AboutUsViewController.m */; };
		A4AE78E1138C983E0044C792 /* AboutUsViewController.xib in Resources */ = {isa = PBXBuildFile; fileRef = A4AE78DF138C983E0044C792 /* AboutUsViewController.xib */; };
/* End PBXBuildFile section */

/* Begin PBXFileReference section */
		A4807C6F138B7818000B91B5 /* Express Data.app */ = {isa = PBXFileReference; explicitFileType = wrapper.application; includeInIndex = 0; path = "Express Data.app"; sourceTree = BUILT_PRODUCTS_DIR; };
		A4807C73138B7818000B91B5 /* UIKit.framework */ = {isa = PBXFileReference; lastKnownFileType = wrapper.framework; name = UIKit.framework; path = System/Library/Frameworks/UIKit.framework; sourceTree = SDKROOT; };
		A4807C75138B7818000B91B5 /* Foundation.framework */ = {isa = PBXFileReference; lastKnownFileType = wrapper.framework; name = Foundation.framework; path = System/Library/Frameworks/Foundation.framework; sourceTree = SDKROOT; };
		A4807C77138B7818000B91B5 /* CoreGraphics.framework */ = {isa = PBXFileReference; lastKnownFileType = wrapper.framework; name = CoreGraphics.framework; path = System/Library/Frameworks/CoreGraphics.framework; sourceTree = SDKROOT; };
		A4807C7B138B7819000B91B5 /* Express Data-Info.plist */ = {isa = PBXFileReference; lastKnownFileType = text.plist.xml; path = "Express Data-Info.plist"; sourceTree = "<group>"; };
		A4807C7D138B7819000B91B5 /* en */ = {isa = PBXFileReference; lastKnownFileType = text.plist.strings; name = en; path = en.lproj/InfoPlist.strings; sourceTree = "<group>"; };
		A4807C7F138B7819000B91B5 /* Express Data-Prefix.pch */ = {isa = PBXFileReference; lastKnownFileType = sourcecode.c.h; path = "Express Data-Prefix.pch"; sourceTree = "<group>"; };
		A4807C80138B7819000B91B5 /* main.m */ = {isa = PBXFileReference; lastKnownFileType = sourcecode.c.objc; path = main.m; sourceTree = "<group>"; };
		A4807C82138B7819000B91B5 /* Express_DataAppDelegate.h */ = {isa = PBXFileReference; lastKnownFileType = sourcecode.c.h; path = Express_DataAppDelegate.h; sourceTree = "<group>"; };
		A4807C83138B7819000B91B5 /* Express_DataAppDelegate.m */ = {isa = PBXFileReference; lastKnownFileType = sourcecode.c.objc; path = Express_DataAppDelegate.m; sourceTree = "<group>"; };
		A4807C86138B7819000B91B5 /* en */ = {isa = PBXFileReference; lastKnownFileType = file.xib; name = en; path = en.lproj/MainWindow.xib; sourceTree = "<group>"; };
		A4807C88138B7819000B91B5 /* RootViewController.h */ = {isa = PBXFileReference; lastKnownFileType = sourcecode.c.h; path = RootViewController.h; sourceTree = "<group>"; };
		A4807C89138B7819000B91B5 /* RootViewController.m */ = {isa = PBXFileReference; lastKnownFileType = sourcecode.c.objc; path = RootViewController.m; sourceTree = "<group>"; };
		A4807C8C138B7819000B91B5 /* en */ = {isa = PBXFileReference; lastKnownFileType = file.xib; name = en; path = en.lproj/RootViewController.xib; sourceTree = "<group>"; };
		A4807C94138B7903000B91B5 /* background1.png */ = {isa = PBXFileReference; lastKnownFileType = image.png; path = background1.png; sourceTree = "<group>"; };
		A4807C95138B7903000B91B5 /* Default.png */ = {isa = PBXFileReference; lastKnownFileType = image.png; path = Default.png; sourceTree = "<group>"; };
		A4AE78DA138C92430044C792 /* mainMenuItem.plist */ = {isa = PBXFileReference; fileEncoding = 4; lastKnownFileType = text.plist.xml; path = mainMenuItem.plist; sourceTree = "<group>"; };
		A4AE78DD138C983E0044C792 /* AboutUsViewController.h */ = {isa = PBXFileReference; fileEncoding = 4; lastKnownFileType = sourcecode.c.h; path = AboutUsViewController.h; sourceTree = "<group>"; };
		A4AE78DE138C983E0044C792 /* AboutUsViewController.m */ = {isa = PBXFileReference; fileEncoding = 4; lastKnownFileType = sourcecode.c.objc; path = AboutUsViewController.m; sourceTree = "<group>"; };
		A4AE78DF138C983E0044C792 /* AboutUsViewController.xib */ = {isa = PBXFileReference; fileEncoding = 4; lastKnownFileType = file.xib; path = AboutUsViewController.xib; sourceTree = "<group>"; };
/* End PBXFileReference section */

/* Begin PBXFrameworksBuildPhase section */
		A4807C6C138B7818000B91B5 /* Frameworks */ = {
			isa = PBXFrameworksBuildPhase;
			buildActionMask = 2147483647;
			files = (
				A4807C74138B7818000B91B5 /* UIKit.framework in Frameworks */,
				A4807C76138B7818000B91B5 /* Foundation.framework in Frameworks */,
				A4807C78138B7818000B91B5 /* CoreGraphics.framework in Frameworks */,
			);
			runOnlyForDeploymentPostprocessing = 0;
		};
/* End PBXFrameworksBuildPhase section */

/* Begin PBXGroup section */
		A4807C64138B7818000B91B5 = {
			isa = PBXGroup;
			children = (
				A4807C79138B7819000B91B5 /* Express Data */,
				A4AE78D7138C85D50044C792 /* Resources */,
				A4807C72138B7818000B91B5 /* Frameworks */,
				A4807C70138B7818000B91B5 /* Products */,
			);
			sourceTree = "<group>";
		};
		A4807C70138B7818000B91B5 /* Products */ = {
			isa = PBXGroup;
			children = (
				A4807C6F138B7818000B91B5 /* Express Data.app */,
			);
			name = Products;
			sourceTree = "<group>";
		};
		A4807C72138B7818000B91B5 /* Frameworks */ = {
			isa = PBXGroup;
			children = (
				A4807C73138B7818000B91B5 /* UIKit.framework */,
				A4807C75138B7818000B91B5 /* Foundation.framework */,
				A4807C77138B7818000B91B5 /* CoreGraphics.framework */,
			);
			name = Frameworks;
			sourceTree = "<group>";
		};
		A4807C79138B7819000B91B5 /* Express Data */ = {
			isa = PBXGroup;
			children = (
				A4AE78DC138C97DF0044C792 /* About Us */,
				A4807C93138B78E5000B91B5 /* images */,
				A4807C82138B7819000B91B5 /* Express_DataAppDelegate.h */,
				A4807C83138B7819000B91B5 /* Express_DataAppDelegate.m */,
				A4807C85138B7819000B91B5 /* MainWindow.xib */,
				A4807C88138B7819000B91B5 /* RootViewController.h */,
				A4807C89138B7819000B91B5 /* RootViewController.m */,
				A4807C8B138B7819000B91B5 /* RootViewController.xib */,
				A4807C7A138B7819000B91B5 /* Supporting Files */,
			);
			path = "Express Data";
			sourceTree = "<group>";
		};
		A4807C7A138B7819000B91B5 /* Supporting Files */ = {
			isa = PBXGroup;
			children = (
				A4AE78DA138C92430044C792 /* mainMenuItem.plist */,
				A4807C7B138B7819000B91B5 /* Express Data-Info.plist */,
				A4807C7C138B7819000B91B5 /* InfoPlist.strings */,
				A4807C7F138B7819000B91B5 /* Express Data-Prefix.pch */,
				A4807C80138B7819000B91B5 /* main.m */,
			);
			name = "Supporting Files";
			sourceTree = "<group>";
		};
		A4807C93138B78E5000B91B5 /* images */ = {
			isa = PBXGroup;
			children = (
				A4807C94138B7903000B91B5 /* background1.png */,
				A4807C95138B7903000B91B5 /* Default.png */,
			);
			name = images;
			sourceTree = "<group>";
		};
		A4AE78D7138C85D50044C792 /* Resources */ = {
			isa = PBXGroup;
			children = (
			);
			name = Resources;
			sourceTree = "<group>";
		};
		A4AE78DC138C97DF0044C792 /* About Us */ = {
			isa = PBXGroup;
			children = (
				A4AE78DD138C983E0044C792 /* AboutUsViewController.h */,
				A4AE78DE138C983E0044C792 /* AboutUsViewController.m */,
				A4AE78DF138C983E0044C792 /* AboutUsViewController.xib */,
			);
			name = "About Us";
			sourceTree = "<group>";
		};
/* End PBXGroup section */

/* Begin PBXNativeTarget section */
		A4807C6E138B7818000B91B5 /* Express Data */ = {
			isa = PBXNativeTarget;
			buildConfigurationList = A4807C90138B7819000B91B5 /* Build configuration list for PBXNativeTarget "Express Data" */;
			buildPhases = (
				A4807C6B138B7818000B91B5 /* Sources */,
				A4807C6C138B7818000B91B5 /* Frameworks */,
				A4807C6D138B7818000B91B5 /* Resources */,
			);
			buildRules = (
			);
			dependencies = (
			);
			name = "Express Data";
			productName = "Express Data";
			productReference = A4807C6F138B7818000B91B5 /* Express Data.app */;
			productType = "com.apple.product-type.application";
		};
/* End PBXNativeTarget section */

/* Begin PBXProject section */
		A4807C66138B7818000B91B5 /* Project object */ = {
			isa = PBXProject;
			attributes = {
				ORGANIZATIONNAME = "Express Data";
			};
			buildConfigurationList = A4807C69138B7818000B91B5 /* Build configuration list for PBXProject "Express Data" */;
			compatibilityVersion = "Xcode 3.2";
			developmentRegion = English;
			hasScannedForEncodings = 0;
			knownRegions = (
				en,
			);
			mainGroup = A4807C64138B7818000B91B5;
			productRefGroup = A4807C70138B7818000B91B5 /* Products */;
			projectDirPath = "";
			projectRoot = "";
			targets = (
				A4807C6E138B7818000B91B5 /* Express Data */,
			);
		};
/* End PBXProject section */

/* Begin PBXResourcesBuildPhase section */
		A4807C6D138B7818000B91B5 /* Resources */ = {
			isa = PBXResourcesBuildPhase;
			buildActionMask = 2147483647;
			files = (
				A4807C7E138B7819000B91B5 /* InfoPlist.strings in Resources */,
				A4807C87138B7819000B91B5 /* MainWindow.xib in Resources */,
				A4807C8D138B7819000B91B5 /* RootViewController.xib in Resources */,
				A4807C96138B7903000B91B5 /* background1.png in Resources */,
				A4807C97138B7903000B91B5 /* Default.png in Resources */,
				A4AE78DB138C92430044C792 /* mainMenuItem.plist in Resources */,
				A4AE78E1138C983E0044C792 /* AboutUsViewController.xib in Resources */,
			);
			runOnlyForDeploymentPostprocessing = 0;
		};
/* End PBXResourcesBuildPhase section */

/* Begin PBXSourcesBuildPhase section */
		A4807C6B138B7818000B91B5 /* Sources */ = {
			isa = PBXSourcesBuildPhase;
			buildActionMask = 2147483647;
			files = (
				A4807C81138B7819000B91B5 /* main.m in Sources */,
				A4807C84138B7819000B91B5 /* Express_DataAppDelegate.m in Sources */,
				A4807C8A138B7819000B91B5 /* RootViewController.m in Sources */,
				A4AE78E0138C983E0044C792 /* AboutUsViewController.m in Sources */,
			);
			runOnlyForDeploymentPostprocessing = 0;
		};
/* End PBXSourcesBuildPhase section */

/* Begin PBXVariantGroup section */
		A4807C7C138B7819000B91B5 /* InfoPlist.strings */ = {
			isa = PBXVariantGroup;
			children = (
				A4807C7D138B7819000B91B5 /* en */,
			);
			name = InfoPlist.strings;
			sourceTree = "<group>";
		};
		A4807C85138B7819000B91B5 /* MainWindow.xib */ = {
			isa = PBXVariantGroup;
			children = (
				A4807C86138B7819000B91B5 /* en */,
			);
			name = MainWindow.xib;
			sourceTree = "<group>";
		};
		A4807C8B138B7819000B91B5 /* RootViewController.xib */ = {
			isa = PBXVariantGroup;
			children = (
				A4807C8C138B7819000B91B5 /* en */,
			);
			name = RootViewController.xib;
			sourceTree = "<group>";
		};
/* End PBXVariantGroup section */

/* Begin XCBuildConfiguration section */
		A4807C8E138B7819000B91B5 /* Debug */ = {
			isa = XCBuildConfiguration;
			buildSettings = {
				ARCHS = "$(ARCHS_STANDARD_32_BIT)";
				"CODE_SIGN_IDENTITY[sdk=iphoneos*]" = "iPhone Developer";
				GCC_C_LANGUAGE_STANDARD = gnu99;
				GCC_OPTIMIZATION_LEVEL = 0;
				GCC_PREPROCESSOR_DEFINITIONS = DEBUG;
				GCC_SYMBOLS_PRIVATE_EXTERN = NO;
				GCC_VERSION = com.apple.compilers.llvmgcc42;
				GCC_WARN_ABOUT_RETURN_TYPE = YES;
				GCC_WARN_UNUSED_VARIABLE = YES;
				IPHONEOS_DEPLOYMENT_TARGET = 4.3;
				SDKROOT = iphoneos;
			};
			name = Debug;
		};
		A4807C8F138B7819000B91B5 /* Release */ = {
			isa = XCBuildConfiguration;
			buildSettings = {
				ARCHS = "$(ARCHS_STANDARD_32_BIT)";
				"CODE_SIGN_IDENTITY[sdk=iphoneos*]" = "iPhone Developer";
				GCC_C_LANGUAGE_STANDARD = gnu99;
				GCC_VERSION = com.apple.compilers.llvmgcc42;
				GCC_WARN_ABOUT_RETURN_TYPE = YES;
				GCC_WARN_UNUSED_VARIABLE = YES;
				IPHONEOS_DEPLOYMENT_TARGET = 4.3;
				OTHER_CFLAGS = "-DNS_BLOCK_ASSERTIONS=1";
				SDKROOT = iphoneos;
			};
			name = Release;
		};
		A4807C91138B7819000B91B5 /* Debug */ = {
			isa = XCBuildConfiguration;
			buildSettings = {
				ALWAYS_SEARCH_USER_PATHS = NO;
				COPY_PHASE_STRIP = NO;
				GCC_DYNAMIC_NO_PIC = NO;
				GCC_PRECOMPILE_PREFIX_HEADER = YES;
				GCC_PREFIX_HEADER = "Express Data/Express Data-Prefix.pch";
				INFOPLIST_FILE = "Express Data/Express Data-Info.plist";
				PRODUCT_NAME = "$(TARGET_NAME)";
				WRAPPER_EXTENSION = app;
			};
			name = Debug;
		};
		A4807C92138B7819000B91B5 /* Release */ = {
			isa = XCBuildConfiguration;
			buildSettings = {
				ALWAYS_SEARCH_USER_PATHS = NO;
				COPY_PHASE_STRIP = YES;
				GCC_PRECOMPILE_PREFIX_HEADER = YES;
				GCC_PREFIX_HEADER = "Express Data/Express Data-Prefix.pch";
				INFOPLIST_FILE = "Express Data/Express Data-Info.plist";
				PRODUCT_NAME = "$(TARGET_NAME)";
				VALIDATE_PRODUCT = YES;
				WRAPPER_EXTENSION = app;
			};
			name = Release;
		};
/* End XCBuildConfiguration section */

/* Begin XCConfigurationList section */
		A4807C69138B7818000B91B5 /* Build configuration list for PBXProject "Express Data" */ = {
			isa = XCConfigurationList;
			buildConfigurations = (
				A4807C8E138B7819000B91B5 /* Debug */,
				A4807C8F138B7819000B91B5 /* Release */,
			);
			defaultConfigurationIsVisible = 0;
			defaultConfigurationName = Release;
		};
		A4807C90138B7819000B91B5 /* Build configuration list for PBXNativeTarget "Express Data" */ = {
			isa = XCConfigurationList;
			buildConfigurations = (
				A4807C91138B7819000B91B5 /* Debug */,
				A4807C92138B7819000B91B5 /* Release */,
			);
			defaultConfigurationIsVisible = 0;
			defaultConfigurationName = Release;
		};
/* End XCConfigurationList section */
	};
	rootObject = A4807C66138B7818000B91B5 /* Project object */;
}
